uuid: 057c8e17-b337-4945-99b1-4fba68a83d12
langcode: en-gb
status: true
dependencies:
  module:
    - options
  theme:
    - tailpine
active_version: d05f2ee8533ccd4c
versioned_properties:
  active:
    settings:
      prop_field_definitions:
        heading:
          required: false
          field_type: string
          field_storage_settings: {  }
          field_instance_settings: {  }
          field_widget: string_textfield
          default_value:
            -
              value: 'Quick Links'
          expression: ℹ︎string␟value
        heading_size:
          required: false
          field_type: list_string
          field_storage_settings:
            allowed_values_function: canvas_load_allowed_values_for_component_prop
          field_instance_settings: {  }
          field_widget: options_select
          default_value: null
          expression: ℹ︎list_string␟value
        heading_weight:
          required: false
          field_type: list_string
          field_storage_settings:
            allowed_values_function: canvas_load_allowed_values_for_component_prop
          field_instance_settings: {  }
          field_widget: options_select
          default_value: null
          expression: ℹ︎list_string␟value
        heading_alignment:
          required: false
          field_type: list_string
          field_storage_settings:
            allowed_values_function: canvas_load_allowed_values_for_component_prop
          field_instance_settings: {  }
          field_widget: options_select
          default_value:
            -
              value: left
          expression: ℹ︎list_string␟value
        heading_color:
          required: false
          field_type: string
          field_storage_settings: {  }
          field_instance_settings: {  }
          field_widget: string_textfield
          default_value:
            -
              value: text-white
          expression: ℹ︎string␟value
        show_underline:
          required: false
          field_type: boolean
          field_storage_settings: {  }
          field_instance_settings: {  }
          field_widget: boolean_checkbox
          default_value:
            -
              value: true
          expression: ℹ︎boolean␟value
        show_content:
          required: false
          field_type: boolean
          field_storage_settings: {  }
          field_instance_settings: {  }
          field_widget: boolean_checkbox
          default_value:
            -
              value: true
          expression: ℹ︎boolean␟value
        underline_width:
          required: false
          field_type: list_string
          field_storage_settings:
            allowed_values_function: canvas_load_allowed_values_for_component_prop
          field_instance_settings: {  }
          field_widget: options_select
          default_value: null
          expression: ℹ︎list_string␟value
        underline_thickness:
          required: false
          field_type: list_string
          field_storage_settings:
            allowed_values_function: canvas_load_allowed_values_for_component_prop
          field_instance_settings: {  }
          field_widget: options_select
          default_value: null
          expression: ℹ︎list_string␟value
        underline_color:
          required: false
          field_type: string
          field_storage_settings: {  }
          field_instance_settings: {  }
          field_widget: string_textfield
          default_value:
            -
              value: border-white
          expression: ℹ︎string␟value
        underline_spacing:
          required: false
          field_type: list_string
          field_storage_settings:
            allowed_values_function: canvas_load_allowed_values_for_component_prop
          field_instance_settings: {  }
          field_widget: options_select
          default_value: null
          expression: ℹ︎list_string␟value
        content_alignment:
          required: false
          field_type: list_string
          field_storage_settings:
            allowed_values_function: canvas_load_allowed_values_for_component_prop
          field_instance_settings: {  }
          field_widget: options_select
          default_value: null
          expression: ℹ︎list_string␟value
        content_spacing:
          required: false
          field_type: list_string
          field_storage_settings:
            allowed_values_function: canvas_load_allowed_values_for_component_prop
          field_instance_settings: {  }
          field_widget: options_select
          default_value: null
          expression: ℹ︎list_string␟value
    fallback_metadata:
      slot_definitions:
        content:
          title: Content
          description: 'Any Drupal block — menu, text, views, etc.'
label: 'Footer Block (Canvas)'
id: sdc.tailpine.canvas-footer-block
provider: tailpine
source: sdc
source_local_id: 'tailpine:canvas-footer-block'
