uuid: ada0646e-29d3-4f89-9c77-06b1b28bb9bd
langcode: en-gb
status: false
dependencies:
  module:
    - entity_block
active_version: e2f99b07dc74d70b
versioned_properties:
  active:
    settings:
      default_settings:
        id: 'entity_block:block'
        label: Block
        label_display: '0'
        provider: entity_block
        entity: ''
        view_mode: default
    fallback_metadata:
      slot_definitions: null
label: Block
id: block.entity_block.block
provider: entity_block
source: block
source_local_id: 'entity_block:block'
